
Microsoft Visual Studio Solution File, Format Version 12.00
# Visual Studio Version 16
VisualStudioVersion = 16.0.30413.136
MinimumVisualStudioVersion = 10.0.40219.1
Project("{9A19103F-16F7-4668-BE54-9A1E7A4F7556}") = "CarAPI", "CarAPI\CarAPI.csproj", "{94CACFB0-D3F8-4DD7-8D0E-12588FC89058}"
EndProject
Project("{9A19103F-16F7-4668-BE54-9A1E7A4F7556}") = "CarDL", "CarDL\CarDL.csproj", "{88742AEC-DFA0-40DC-A9E2-D407B1E23C41}"
EndProject
Project("{9A19103F-16F7-4668-BE54-9A1E7A4F7556}") = "CarBL", "CarBL\CarBL.csproj", "{EFC3E215-BD8F-437D-BEF7-7DD2DEDDB067}"
EndProject
Project("{9A19103F-16F7-4668-BE54-9A1E7A4F7556}") = "CarXUnitTest", "CarXUnitTest\CarXUnitTest.csproj", "{C72B1134-D2C0-4AC8-9FEB-7BF2C8C4B7D5}"
EndProject
Global
	GlobalSection(SolutionConfigurationPlatforms) = preSolution
		Debug|Any CPU = Debug|Any CPU
		Release|Any CPU = Release|Any CPU
	EndGlobalSection
	GlobalSection(ProjectConfigurationPlatforms) = postSolution
		{94CACFB0-D3F8-4DD7-8D0E-12588FC89058}.Debug|Any CPU.ActiveCfg = Debug|Any CPU
		{94CACFB0-D3F8-4DD7-8D0E-12588FC89058}.Debug|Any CPU.Build.0 = Debug|Any CPU
		{94CACFB0-D3F8-4DD7-8D0E-12588FC89058}.Release|Any CPU.ActiveCfg = Release|Any CPU
		{94CACFB0-D3F8-4DD7-8D0E-12588FC89058}.Release|Any CPU.Build.0 = Release|Any CPU
		{88742AEC-DFA0-40DC-A9E2-D407B1E23C41}.Debug|Any CPU.ActiveCfg = Debug|Any CPU
		{88742AEC-DFA0-40DC-A9E2-D407B1E23C41}.Debug|Any CPU.Build.0 = Debug|Any CPU
		{88742AEC-DFA0-40DC-A9E2-D407B1E23C41}.Release|Any CPU.ActiveCfg = Release|Any CPU
		{88742AEC-DFA0-40DC-A9E2-D407B1E23C41}.Release|Any CPU.Build.0 = Release|Any CPU
		{EFC3E215-BD8F-437D-BEF7-7DD2DEDDB067}.Debug|Any CPU.ActiveCfg = Debug|Any CPU
		{EFC3E215-BD8F-437D-BEF7-7DD2DEDDB067}.Debug|Any CPU.Build.0 = Debug|Any CPU
		{EFC3E215-BD8F-437D-BEF7-7DD2DEDDB067}.Release|Any CPU.ActiveCfg = Release|Any CPU
		{EFC3E215-BD8F-437D-BEF7-7DD2DEDDB067}.Release|Any CPU.Build.0 = Release|Any CPU
		{C72B1134-D2C0-4AC8-9FEB-7BF2C8C4B7D5}.Debug|Any CPU.ActiveCfg = Debug|Any CPU
		{C72B1134-D2C0-4AC8-9FEB-7BF2C8C4B7D5}.Debug|Any CPU.Build.0 = Debug|Any CPU
		{C72B1134-D2C0-4AC8-9FEB-7BF2C8C4B7D5}.Release|Any CPU.ActiveCfg = Release|Any CPU
		{C72B1134-D2C0-4AC8-9FEB-7BF2C8C4B7D5}.Release|Any CPU.Build.0 = Release|Any CPU
	EndGlobalSection
	GlobalSection(SolutionProperties) = preSolution
		HideSolutionNode = FALSE
	EndGlobalSection
	GlobalSection(ExtensibilityGlobals) = postSolution
		SolutionGuid = {42872362-FDDC-47DB-98AF-A3C01CD6392C}
	EndGlobalSection
EndGlobal
