
Microsoft Visual Studio Solution File, Format Version 12.00
# Visual Studio Version 16
VisualStudioVersion = 16.0.30413.136
MinimumVisualStudioVersion = 10.0.40219.1
Project("{FAE04EC0-301F-11D3-BF4B-00C04F79EFBC}") = "CarAPI", "CarAPI\CarAPI.csproj", "{94CACFB0-D3F8-4DD7-8D0E-12588FC89058}"
EndProject
Global
	GlobalSection(SolutionConfigurationPlatforms) = preSolution
		Debug|Any CPU = Debug|Any CPU
		Release|Any CPU = Release|Any CPU
	EndGlobalSection
	GlobalSection(ProjectConfigurationPlatforms) = postSolution
		{94CACFB0-D3F8-4DD7-8D0E-12588FC89058}.Debug|Any CPU.ActiveCfg = Debug|Any CPU
		{94CACFB0-D3F8-4DD7-8D0E-12588FC89058}.Debug|Any CPU.Build.0 = Debug|Any CPU
		{94CACFB0-D3F8-4DD7-8D0E-12588FC89058}.Release|Any CPU.ActiveCfg = Release|Any CPU
		{94CACFB0-D3F8-4DD7-8D0E-12588FC89058}.Release|Any CPU.Build.0 = Release|Any CPU
	EndGlobalSection
	GlobalSection(SolutionProperties) = preSolution
		HideSolutionNode = FALSE
	EndGlobalSection
	GlobalSection(ExtensibilityGlobals) = postSolution
		SolutionGuid = {42872362-FDDC-47DB-98AF-A3C01CD6392C}
	EndGlobalSection
EndGlobal
